// !$*UTF8*$!
{
	archiveVersion = 1;
	classes = {
	};
	objectVersion = 55;
	objects = {

/* Begin PBXBuildFile section */
		30DC60BA278DA765002AC498 /* CatViewerApp.swift in Sources */ = {isa = PBXBuildFile; fileRef = 30DC60B9278DA765002AC498 /* CatViewerApp.swift */; };
		30DC60BC278DA765002AC498 /* CatListView.swift in Sources */ = {isa = PBXBuildFile; fileRef = 30DC60BB278DA765002AC498 /* CatListView.swift */; };
		30DC60BE278DA766002AC498 /* Assets.xcassets in Resources */ = {isa = PBXBuildFile; fileRef = 30DC60BD278DA766002AC498 /* Assets.xcassets */; };
		30DC60C1278DA766002AC498 /* Preview Assets.xcassets in Resources */ = {isa = PBXBuildFile; fileRef = 30DC60C0278DA766002AC498 /* Preview Assets.xcassets */; };
		30DC60CB278DA767002AC498 /* CatViewer_Tests.swift in Sources */ = {isa = PBXBuildFile; fileRef = 30DC60CA278DA767002AC498 /* CatViewer_Tests.swift */; };
		30DC60D5278DA767002AC498 /* CatViewerUITests.swift in Sources */ = {isa = PBXBuildFile; fileRef = 30DC60D4278DA767002AC498 /* CatViewerUITests.swift */; };
		30DC60D7278DA767002AC498 /* CatViewerUITestsLaunchTests.swift in Sources */ = {isa = PBXBuildFile; fileRef = 30DC60D6278DA767002AC498 /* CatViewerUITestsLaunchTests.swift */; };
		30DC60E5278DA8A4002AC498 /* NetworkManager.swift in Sources */ = {isa = PBXBuildFile; fileRef = 30DC60E4278DA8A4002AC498 /* NetworkManager.swift */; };
		30DC60E7278DA8D3002AC498 /* NetworkProtocol.swift in Sources */ = {isa = PBXBuildFile; fileRef = 30DC60E6278DA8D3002AC498 /* NetworkProtocol.swift */; };
		30DC60EA278DAA0D002AC498 /* CatsListViewModel.swift in Sources */ = {isa = PBXBuildFile; fileRef = 30DC60E9278DAA0D002AC498 /* CatsListViewModel.swift */; };
		30DC60EC278DAA8B002AC498 /* NetworkResponse.swift in Sources */ = {isa = PBXBuildFile; fileRef = 30DC60EB278DAA8B002AC498 /* NetworkResponse.swift */; };
		30DC60EF278DB460002AC498 /* ReusableCatCell.swift in Sources */ = {isa = PBXBuildFile; fileRef = 30DC60EE278DB460002AC498 /* ReusableCatCell.swift */; };
		30DC60F5278DBB7D002AC498 /* CatViewModel.swift in Sources */ = {isa = PBXBuildFile; fileRef = 30DC60F4278DBB7D002AC498 /* CatViewModel.swift */; };
		30DC60F8278DD4BA002AC498 /* DetailedCatView.swift in Sources */ = {isa = PBXBuildFile; fileRef = 30DC60F7278DD4BA002AC498 /* DetailedCatView.swift */; };
		30DC60FB278DE8F8002AC498 /* StructWrapper.swift in Sources */ = {isa = PBXBuildFile; fileRef = 30DC60FA278DE8F8002AC498 /* StructWrapper.swift */; };
		30DC60FD278DE944002AC498 /* DataCache.swift in Sources */ = {isa = PBXBuildFile; fileRef = 30DC60FC278DE944002AC498 /* DataCache.swift */; };
		30DC6102278F5C61002AC498 /* APIError.swift in Sources */ = {isa = PBXBuildFile; fileRef = 30DC6101278F5C61002AC498 /* APIError.swift */; };
		30DC6104278F85FC002AC498 /* CacherProtocol.swift in Sources */ = {isa = PBXBuildFile; fileRef = 30DC6103278F85FC002AC498 /* CacherProtocol.swift */; };
		30DC610627935B9E002AC498 /* MockNetworkManager.swift in Sources */ = {isa = PBXBuildFile; fileRef = 30DC610527935B9E002AC498 /* MockNetworkManager.swift */; };
/* End PBXBuildFile section */

/* Begin PBXContainerItemProxy section */
		30DC60C7278DA767002AC498 /* PBXContainerItemProxy */ = {
			isa = PBXContainerItemProxy;
			containerPortal = 30DC60AE278DA765002AC498 /* Project object */;
			proxyType = 1;
			remoteGlobalIDString = 30DC60B5278DA765002AC498;
			remoteInfo = CatViewer;
		};
		30DC60D1278DA767002AC498 /* PBXContainerItemProxy */ = {
			isa = PBXContainerItemProxy;
			containerPortal = 30DC60AE278DA765002AC498 /* Project object */;
			proxyType = 1;
			remoteGlobalIDString = 30DC60B5278DA765002AC498;
			remoteInfo = CatViewer;
		};
/* End PBXContainerItemProxy section */

/* Begin PBXFileReference section */
		30DC60B6278DA765002AC498 /* CatViewer.app */ = {isa = PBXFileReference; explicitFileType = wrapper.application; includeInIndex = 0; path = CatViewer.app; sourceTree = BUILT_PRODUCTS_DIR; };
		30DC60B9278DA765002AC498 /* CatViewerApp.swift */ = {isa = PBXFileReference; lastKnownFileType = sourcecode.swift; path = CatViewerApp.swift; sourceTree = "<group>"; };
		30DC60BB278DA765002AC498 /* CatListView.swift */ = {isa = PBXFileReference; lastKnownFileType = sourcecode.swift; path = CatListView.swift; sourceTree = "<group>"; };
		30DC60BD278DA766002AC498 /* Assets.xcassets */ = {isa = PBXFileReference; lastKnownFileType = folder.assetcatalog; path = Assets.xcassets; sourceTree = "<group>"; };
		30DC60C0278DA766002AC498 /* Preview Assets.xcassets */ = {isa = PBXFileReference; lastKnownFileType = folder.assetcatalog; path = "Preview Assets.xcassets"; sourceTree = "<group>"; };
		30DC60C6278DA767002AC498 /* CatViewerTests.xctest */ = {isa = PBXFileReference; explicitFileType = wrapper.cfbundle; includeInIndex = 0; path = CatViewerTests.xctest; sourceTree = BUILT_PRODUCTS_DIR; };
		30DC60CA278DA767002AC498 /* CatViewer_Tests.swift */ = {isa = PBXFileReference; lastKnownFileType = sourcecode.swift; path = CatViewer_Tests.swift; sourceTree = "<group>"; };
		30DC60D0278DA767002AC498 /* CatViewerUITests.xctest */ = {isa = PBXFileReference; explicitFileType = wrapper.cfbundle; includeInIndex = 0; path = CatViewerUITests.xctest; sourceTree = BUILT_PRODUCTS_DIR; };
		30DC60D4278DA767002AC498 /* CatViewerUITests.swift */ = {isa = PBXFileReference; lastKnownFileType = sourcecode.swift; path = CatViewerUITests.swift; sourceTree = "<group>"; };
		30DC60D6278DA767002AC498 /* CatViewerUITestsLaunchTests.swift */ = {isa = PBXFileReference; lastKnownFileType = sourcecode.swift; path = CatViewerUITestsLaunchTests.swift; sourceTree = "<group>"; };
		30DC60E4278DA8A4002AC498 /* NetworkManager.swift */ = {isa = PBXFileReference; lastKnownFileType = sourcecode.swift; path = NetworkManager.swift; sourceTree = "<group>"; };
		30DC60E6278DA8D3002AC498 /* NetworkProtocol.swift */ = {isa = PBXFileReference; lastKnownFileType = sourcecode.swift; path = NetworkProtocol.swift; sourceTree = "<group>"; };
		30DC60E9278DAA0D002AC498 /* CatsListViewModel.swift */ = {isa = PBXFileReference; lastKnownFileType = sourcecode.swift; path = CatsListViewModel.swift; sourceTree = "<group>"; };
		30DC60EB278DAA8B002AC498 /* NetworkResponse.swift */ = {isa = PBXFileReference; lastKnownFileType = sourcecode.swift; path = NetworkResponse.swift; sourceTree = "<group>"; };
		30DC60EE278DB460002AC498 /* ReusableCatCell.swift */ = {isa = PBXFileReference; lastKnownFileType = sourcecode.swift; path = ReusableCatCell.swift; sourceTree = "<group>"; };
		30DC60F4278DBB7D002AC498 /* CatViewModel.swift */ = {isa = PBXFileReference; lastKnownFileType = sourcecode.swift; path = CatViewModel.swift; sourceTree = "<group>"; };
		30DC60F7278DD4BA002AC498 /* DetailedCatView.swift */ = {isa = PBXFileReference; lastKnownFileType = sourcecode.swift; path = DetailedCatView.swift; sourceTree = "<group>"; };
		30DC60FA278DE8F8002AC498 /* StructWrapper.swift */ = {isa = PBXFileReference; lastKnownFileType = sourcecode.swift; path = StructWrapper.swift; sourceTree = "<group>"; };
		30DC60FC278DE944002AC498 /* DataCache.swift */ = {isa = PBXFileReference; lastKnownFileType = sourcecode.swift; path = DataCache.swift; sourceTree = "<group>"; };
		30DC6101278F5C61002AC498 /* APIError.swift */ = {isa = PBXFileReference; lastKnownFileType = sourcecode.swift; path = APIError.swift; sourceTree = "<group>"; };
		30DC6103278F85FC002AC498 /* CacherProtocol.swift */ = {isa = PBXFileReference; lastKnownFileType = sourcecode.swift; path = CacherProtocol.swift; sourceTree = "<group>"; };
		30DC610527935B9E002AC498 /* MockNetworkManager.swift */ = {isa = PBXFileReference; lastKnownFileType = sourcecode.swift; path = MockNetworkManager.swift; sourceTree = "<group>"; };
/* End PBXFileReference section */

/* Begin PBXFrameworksBuildPhase section */
		30DC60B3278DA765002AC498 /* Frameworks */ = {
			isa = PBXFrameworksBuildPhase;
			buildActionMask = 2147483647;
			files = (
			);
			runOnlyForDeploymentPostprocessing = 0;
		};
		30DC60C3278DA767002AC498 /* Frameworks */ = {
			isa = PBXFrameworksBuildPhase;
			buildActionMask = 2147483647;
			files = (
			);
			runOnlyForDeploymentPostprocessing = 0;
		};
		30DC60CD278DA767002AC498 /* Frameworks */ = {
			isa = PBXFrameworksBuildPhase;
			buildActionMask = 2147483647;
			files = (
			);
			runOnlyForDeploymentPostprocessing = 0;
		};
/* End PBXFrameworksBuildPhase section */

/* Begin PBXGroup section */
		30DC60AD278DA765002AC498 = {
			isa = PBXGroup;
			children = (
				30DC60B8278DA765002AC498 /* CatViewer */,
				30DC60C9278DA767002AC498 /* CatViewerTests */,
				30DC60D3278DA767002AC498 /* CatViewerUITests */,
				30DC60B7278DA765002AC498 /* Products */,
			);
			sourceTree = "<group>";
		};
		30DC60B7278DA765002AC498 /* Products */ = {
			isa = PBXGroup;
			children = (
				30DC60B6278DA765002AC498 /* CatViewer.app */,
				30DC60C6278DA767002AC498 /* CatViewerTests.xctest */,
				30DC60D0278DA767002AC498 /* CatViewerUITests.xctest */,
			);
			name = Products;
			sourceTree = "<group>";
		};
		30DC60B8278DA765002AC498 /* CatViewer */ = {
			isa = PBXGroup;
			children = (
				30DC6100278F5C47002AC498 /* Errors */,
				30DC60F9278DE8EA002AC498 /* Caching */,
				30DC60ED278DB43C002AC498 /* ViewComponents */,
				30DC60E8278DA9F9002AC498 /* ViewModel */,
				30DC60E3278DA88E002AC498 /* Networking */,
				30DC60B9278DA765002AC498 /* CatViewerApp.swift */,
				30DC60BD278DA766002AC498 /* Assets.xcassets */,
				30DC60BF278DA766002AC498 /* Preview Content */,
			);
			path = CatViewer;
			sourceTree = "<group>";
		};
		30DC60BF278DA766002AC498 /* Preview Content */ = {
			isa = PBXGroup;
			children = (
				30DC60C0278DA766002AC498 /* Preview Assets.xcassets */,
			);
			path = "Preview Content";
			sourceTree = "<group>";
		};
		30DC60C9278DA767002AC498 /* CatViewerTests */ = {
			isa = PBXGroup;
			children = (
				30DC60CA278DA767002AC498 /* CatViewer_Tests.swift */,
				30DC610527935B9E002AC498 /* MockNetworkManager.swift */,
			);
			path = CatViewerTests;
			sourceTree = "<group>";
		};
		30DC60D3278DA767002AC498 /* CatViewerUITests */ = {
			isa = PBXGroup;
			children = (
				30DC60D4278DA767002AC498 /* CatViewerUITests.swift */,
				30DC60D6278DA767002AC498 /* CatViewerUITestsLaunchTests.swift */,
			);
			path = CatViewerUITests;
			sourceTree = "<group>";
		};
		30DC60E3278DA88E002AC498 /* Networking */ = {
			isa = PBXGroup;
			children = (
				30DC60E4278DA8A4002AC498 /* NetworkManager.swift */,
				30DC60E6278DA8D3002AC498 /* NetworkProtocol.swift */,
				30DC60EB278DAA8B002AC498 /* NetworkResponse.swift */,
			);
			path = Networking;
			sourceTree = "<group>";
		};
		30DC60E8278DA9F9002AC498 /* ViewModel */ = {
			isa = PBXGroup;
			children = (
				30DC60E9278DAA0D002AC498 /* CatsListViewModel.swift */,
				30DC60F4278DBB7D002AC498 /* CatViewModel.swift */,
			);
			path = ViewModel;
			sourceTree = "<group>";
		};
		30DC60ED278DB43C002AC498 /* ViewComponents */ = {
			isa = PBXGroup;
			children = (
				30DC60BB278DA765002AC498 /* CatListView.swift */,
				30DC60EE278DB460002AC498 /* ReusableCatCell.swift */,
				30DC60F7278DD4BA002AC498 /* DetailedCatView.swift */,
			);
			path = ViewComponents;
			sourceTree = "<group>";
		};
		30DC60F9278DE8EA002AC498 /* Caching */ = {
			isa = PBXGroup;
			children = (
				30DC60FA278DE8F8002AC498 /* StructWrapper.swift */,
				30DC60FC278DE944002AC498 /* DataCache.swift */,
				30DC6103278F85FC002AC498 /* CacherProtocol.swift */,
			);
			path = Caching;
			sourceTree = "<group>";
		};
		30DC6100278F5C47002AC498 /* Errors */ = {
			isa = PBXGroup;
			children = (
				30DC6101278F5C61002AC498 /* APIError.swift */,
			);
			path = Errors;
			sourceTree = "<group>";
		};
/* End PBXGroup section */

/* Begin PBXNativeTarget section */
		30DC60B5278DA765002AC498 /* CatViewer */ = {
			isa = PBXNativeTarget;
			buildConfigurationList = 30DC60DA278DA767002AC498 /* Build configuration list for PBXNativeTarget "CatViewer" */;
			buildPhases = (
				30DC60B2278DA765002AC498 /* Sources */,
				30DC60B3278DA765002AC498 /* Frameworks */,
				30DC60B4278DA765002AC498 /* Resources */,
			);
			buildRules = (
			);
			dependencies = (
			);
			name = CatViewer;
			productName = CatViewer;
			productReference = 30DC60B6278DA765002AC498 /* CatViewer.app */;
			productType = "com.apple.product-type.application";
		};
		30DC60C5278DA767002AC498 /* CatViewerTests */ = {
			isa = PBXNativeTarget;
			buildConfigurationList = 30DC60DD278DA767002AC498 /* Build configuration list for PBXNativeTarget "CatViewerTests" */;
			buildPhases = (
				30DC60C2278DA767002AC498 /* Sources */,
				30DC60C3278DA767002AC498 /* Frameworks */,
				30DC60C4278DA767002AC498 /* Resources */,
			);
			buildRules = (
			);
			dependencies = (
				30DC60C8278DA767002AC498 /* PBXTargetDependency */,
			);
			name = CatViewerTests;
			productName = CatViewerTests;
			productReference = 30DC60C6278DA767002AC498 /* CatViewerTests.xctest */;
			productType = "com.apple.product-type.bundle.unit-test";
		};
		30DC60CF278DA767002AC498 /* CatViewerUITests */ = {
			isa = PBXNativeTarget;
			buildConfigurationList = 30DC60E0278DA767002AC498 /* Build configuration list for PBXNativeTarget "CatViewerUITests" */;
			buildPhases = (
				30DC60CC278DA767002AC498 /* Sources */,
				30DC60CD278DA767002AC498 /* Frameworks */,
				30DC60CE278DA767002AC498 /* Resources */,
			);
			buildRules = (
			);
			dependencies = (
				30DC60D2278DA767002AC498 /* PBXTargetDependency */,
			);
			name = CatViewerUITests;
			productName = CatViewerUITests;
			productReference = 30DC60D0278DA767002AC498 /* CatViewerUITests.xctest */;
			productType = "com.apple.product-type.bundle.ui-testing";
		};
/* End PBXNativeTarget section */

/* Begin PBXProject section */
		30DC60AE278DA765002AC498 /* Project object */ = {
			isa = PBXProject;
			attributes = {
				BuildIndependentTargetsInParallel = 1;
				LastSwiftUpdateCheck = 1320;
				LastUpgradeCheck = 1320;
				TargetAttributes = {
					30DC60B5278DA765002AC498 = {
						CreatedOnToolsVersion = 13.2.1;
					};
					30DC60C5278DA767002AC498 = {
						CreatedOnToolsVersion = 13.2.1;
						TestTargetID = 30DC60B5278DA765002AC498;
					};
					30DC60CF278DA767002AC498 = {
						CreatedOnToolsVersion = 13.2.1;
						TestTargetID = 30DC60B5278DA765002AC498;
					};
				};
			};
			buildConfigurationList = 30DC60B1278DA765002AC498 /* Build configuration list for PBXProject "CatViewer" */;
			compatibilityVersion = "Xcode 13.0";
			developmentRegion = en;
			hasScannedForEncodings = 0;
			knownRegions = (
				en,
				Base,
			);
			mainGroup = 30DC60AD278DA765002AC498;
			productRefGroup = 30DC60B7278DA765002AC498 /* Products */;
			projectDirPath = "";
			projectRoot = "";
			targets = (
				30DC60B5278DA765002AC498 /* CatViewer */,
				30DC60C5278DA767002AC498 /* CatViewerTests */,
				30DC60CF278DA767002AC498 /* CatViewerUITests */,
			);
		};
/* End PBXProject section */

/* Begin PBXResourcesBuildPhase section */
		30DC60B4278DA765002AC498 /* Resources */ = {
			isa = PBXResourcesBuildPhase;
			buildActionMask = 2147483647;
			files = (
				30DC60C1278DA766002AC498 /* Preview Assets.xcassets in Resources */,
				30DC60BE278DA766002AC498 /* Assets.xcassets in Resources */,
			);
			runOnlyForDeploymentPostprocessing = 0;
		};
		30DC60C4278DA767002AC498 /* Resources */ = {
			isa = PBXResourcesBuildPhase;
			buildActionMask = 2147483647;
			files = (
			);
			runOnlyForDeploymentPostprocessing = 0;
		};
		30DC60CE278DA767002AC498 /* Resources */ = {
			isa = PBXResourcesBuildPhase;
			buildActionMask = 2147483647;
			files = (
			);
			runOnlyForDeploymentPostprocessing = 0;
		};
/* End PBXResourcesBuildPhase section */

/* Begin PBXSourcesBuildPhase section */
		30DC60B2278DA765002AC498 /* Sources */ = {
			isa = PBXSourcesBuildPhase;
			buildActionMask = 2147483647;
			files = (
				30DC60FB278DE8F8002AC498 /* StructWrapper.swift in Sources */,
				30DC60E7278DA8D3002AC498 /* NetworkProtocol.swift in Sources */,
				30DC60E5278DA8A4002AC498 /* NetworkManager.swift in Sources */,
				30DC60BC278DA765002AC498 /* CatListView.swift in Sources */,
				30DC60F8278DD4BA002AC498 /* DetailedCatView.swift in Sources */,
				30DC6102278F5C61002AC498 /* APIError.swift in Sources */,
				30DC60EA278DAA0D002AC498 /* CatsListViewModel.swift in Sources */,
				30DC6104278F85FC002AC498 /* CacherProtocol.swift in Sources */,
				30DC60BA278DA765002AC498 /* CatViewerApp.swift in Sources */,
				30DC60F5278DBB7D002AC498 /* CatViewModel.swift in Sources */,
				30DC60FD278DE944002AC498 /* DataCache.swift in Sources */,
				30DC60EC278DAA8B002AC498 /* NetworkResponse.swift in Sources */,
				30DC60EF278DB460002AC498 /* ReusableCatCell.swift in Sources */,
			);
			runOnlyForDeploymentPostprocessing = 0;
		};
		30DC60C2278DA767002AC498 /* Sources */ = {
			isa = PBXSourcesBuildPhase;
			buildActionMask = 2147483647;
			files = (
				30DC610627935B9E002AC498 /* MockNetworkManager.swift in Sources */,
				30DC60CB278DA767002AC498 /* CatViewer_Tests.swift in Sources */,
			);
			runOnlyForDeploymentPostprocessing = 0;
		};
		30DC60CC278DA767002AC498 /* Sources */ = {
			isa = PBXSourcesBuildPhase;
			buildActionMask = 2147483647;
			files = (
				30DC60D5278DA767002AC498 /* CatViewerUITests.swift in Sources */,
				30DC60D7278DA767002AC498 /* CatViewerUITestsLaunchTests.swift in Sources */,
			);
			runOnlyForDeploymentPostprocessing = 0;
		};
/* End PBXSourcesBuildPhase section */

/* Begin PBXTargetDependency section */
		30DC60C8278DA767002AC498 /* PBXTargetDependency */ = {
			isa = PBXTargetDependency;
			target = 30DC60B5278DA765002AC498 /* CatViewer */;
			targetProxy = 30DC60C7278DA767002AC498 /* PBXContainerItemProxy */;
		};
		30DC60D2278DA767002AC498 /* PBXTargetDependency */ = {
			isa = PBXTargetDependency;
			target = 30DC60B5278DA765002AC498 /* CatViewer */;
			targetProxy = 30DC60D1278DA767002AC498 /* PBXContainerItemProxy */;
		};
/* End PBXTargetDependency section */

/* Begin XCBuildConfiguration section */
		30DC60D8278DA767002AC498 /* Debug */ = {
			isa = XCBuildConfiguration;
			buildSettings = {
				ALWAYS_SEARCH_USER_PATHS = NO;
				CLANG_ANALYZER_NONNULL = YES;
				CLANG_ANALYZER_NUMBER_OBJECT_CONVERSION = YES_AGGRESSIVE;
				CLANG_CXX_LANGUAGE_STANDARD = "gnu++17";
				CLANG_CXX_LIBRARY = "libc++";
				CLANG_ENABLE_MODULES = YES;
				CLANG_ENABLE_OBJC_ARC = YES;
				CLANG_ENABLE_OBJC_WEAK = YES;
				CLANG_WARN_BLOCK_CAPTURE_AUTORELEASING = YES;
				CLANG_WARN_BOOL_CONVERSION = YES;
				CLANG_WARN_COMMA = YES;
				CLANG_WARN_CONSTANT_CONVERSION = YES;
				CLANG_WARN_DEPRECATED_OBJC_IMPLEMENTATIONS = YES;
				CLANG_WARN_DIRECT_OBJC_ISA_USAGE = YES_ERROR;
				CLANG_WARN_DOCUMENTATION_COMMENTS = YES;
				CLANG_WARN_EMPTY_BODY = YES;
				CLANG_WARN_ENUM_CONVERSION = YES;
				CLANG_WARN_INFINITE_RECURSION = YES;
				CLANG_WARN_INT_CONVERSION = YES;
				CLANG_WARN_NON_LITERAL_NULL_CONVERSION = YES;
				CLANG_WARN_OBJC_IMPLICIT_RETAIN_SELF = YES;
				CLANG_WARN_OBJC_LITERAL_CONVERSION = YES;
				CLANG_WARN_OBJC_ROOT_CLASS = YES_ERROR;
				CLANG_WARN_QUOTED_INCLUDE_IN_FRAMEWORK_HEADER = YES;
				CLANG_WARN_RANGE_LOOP_ANALYSIS = YES;
				CLANG_WARN_STRICT_PROTOTYPES = YES;
				CLANG_WARN_SUSPICIOUS_MOVE = YES;
				CLANG_WARN_UNGUARDED_AVAILABILITY = YES_AGGRESSIVE;
				CLANG_WARN_UNREACHABLE_CODE = YES;
				CLANG_WARN__DUPLICATE_METHOD_MATCH = YES;
				COPY_PHASE_STRIP = NO;
				DEBUG_INFORMATION_FORMAT = dwarf;
				ENABLE_STRICT_OBJC_MSGSEND = YES;
				ENABLE_TESTABILITY = YES;
				GCC_C_LANGUAGE_STANDARD = gnu11;
				GCC_DYNAMIC_NO_PIC = NO;
				GCC_NO_COMMON_BLOCKS = YES;
				GCC_OPTIMIZATION_LEVEL = 0;
				GCC_PREPROCESSOR_DEFINITIONS = (
					"DEBUG=1",
					"$(inherited)",
				);
				GCC_WARN_64_TO_32_BIT_CONVERSION = YES;
				GCC_WARN_ABOUT_RETURN_TYPE = YES_ERROR;
				GCC_WARN_UNDECLARED_SELECTOR = YES;
				GCC_WARN_UNINITIALIZED_AUTOS = YES_AGGRESSIVE;
				GCC_WARN_UNUSED_FUNCTION = YES;
				GCC_WARN_UNUSED_VARIABLE = YES;
				IPHONEOS_DEPLOYMENT_TARGET = 15.2;
				MTL_ENABLE_DEBUG_INFO = INCLUDE_SOURCE;
				MTL_FAST_MATH = YES;
				ONLY_ACTIVE_ARCH = YES;
				SDKROOT = iphoneos;
				SWIFT_ACTIVE_COMPILATION_CONDITIONS = DEBUG;
				SWIFT_OPTIMIZATION_LEVEL = "-Onone";
			};
			name = Debug;
		};
		30DC60D9278DA767002AC498 /* Release */ = {
			isa = XCBuildConfiguration;
			buildSettings = {
				ALWAYS_SEARCH_USER_PATHS = NO;
				CLANG_ANALYZER_NONNULL = YES;
				CLANG_ANALYZER_NUMBER_OBJECT_CONVERSION = YES_AGGRESSIVE;
				CLANG_CXX_LANGUAGE_STANDARD = "gnu++17";
				CLANG_CXX_LIBRARY = "libc++";
				CLANG_ENABLE_MODULES = YES;
				CLANG_ENABLE_OBJC_ARC = YES;
				CLANG_ENABLE_OBJC_WEAK = YES;
				CLANG_WARN_BLOCK_CAPTURE_AUTORELEASING = YES;
				CLANG_WARN_BOOL_CONVERSION = YES;
				CLANG_WARN_COMMA = YES;
				CLANG_WARN_CONSTANT_CONVERSION = YES;
				CLANG_WARN_DEPRECATED_OBJC_IMPLEMENTATIONS = YES;
				CLANG_WARN_DIRECT_OBJC_ISA_USAGE = YES_ERROR;
				CLANG_WARN_DOCUMENTATION_COMMENTS = YES;
				CLANG_WARN_EMPTY_BODY = YES;
				CLANG_WARN_ENUM_CONVERSION = YES;
				CLANG_WARN_INFINITE_RECURSION = YES;
				CLANG_WARN_INT_CONVERSION = YES;
				CLANG_WARN_NON_LITERAL_NULL_CONVERSION = YES;
				CLANG_WARN_OBJC_IMPLICIT_RETAIN_SELF = YES;
				CLANG_WARN_OBJC_LITERAL_CONVERSION = YES;
				CLANG_WARN_OBJC_ROOT_CLASS = YES_ERROR;
				CLANG_WARN_QUOTED_INCLUDE_IN_FRAMEWORK_HEADER = YES;
				CLANG_WARN_RANGE_LOOP_ANALYSIS = YES;
				CLANG_WARN_STRICT_PROTOTYPES = YES;
				CLANG_WARN_SUSPICIOUS_MOVE = YES;
				CLANG_WARN_UNGUARDED_AVAILABILITY = YES_AGGRESSIVE;
				CLANG_WARN_UNREACHABLE_CODE = YES;
				CLANG_WARN__DUPLICATE_METHOD_MATCH = YES;
				COPY_PHASE_STRIP = NO;
				DEBUG_INFORMATION_FORMAT = "dwarf-with-dsym";
				ENABLE_NS_ASSERTIONS = NO;
				ENABLE_STRICT_OBJC_MSGSEND = YES;
				GCC_C_LANGUAGE_STANDARD = gnu11;
				GCC_NO_COMMON_BLOCKS = YES;
				GCC_WARN_64_TO_32_BIT_CONVERSION = YES;
				GCC_WARN_ABOUT_RETURN_TYPE = YES_ERROR;
				GCC_WARN_UNDECLARED_SELECTOR = YES;
				GCC_WARN_UNINITIALIZED_AUTOS = YES_AGGRESSIVE;
				GCC_WARN_UNUSED_FUNCTION = YES;
				GCC_WARN_UNUSED_VARIABLE = YES;
				IPHONEOS_DEPLOYMENT_TARGET = 15.2;
				MTL_ENABLE_DEBUG_INFO = NO;
				MTL_FAST_MATH = YES;
				SDKROOT = iphoneos;
				SWIFT_COMPILATION_MODE = wholemodule;
				SWIFT_OPTIMIZATION_LEVEL = "-O";
				VALIDATE_PRODUCT = YES;
			};
			name = Release;
		};
		30DC60DB278DA767002AC498 /* Debug */ = {
			isa = XCBuildConfiguration;
			buildSettings = {
				ASSETCATALOG_COMPILER_APPICON_NAME = AppIcon;
				ASSETCATALOG_COMPILER_GLOBAL_ACCENT_COLOR_NAME = AccentColor;
				CODE_SIGN_STYLE = Automatic;
				CURRENT_PROJECT_VERSION = 1;
				DEVELOPMENT_ASSET_PATHS = "\"CatViewer/Preview Content\"";
				DEVELOPMENT_TEAM = 2AW67YD59U;
				ENABLE_PREVIEWS = YES;
				GENERATE_INFOPLIST_FILE = YES;
				INFOPLIST_KEY_UIApplicationSceneManifest_Generation = YES;
				INFOPLIST_KEY_UIApplicationSupportsIndirectInputEvents = YES;
				INFOPLIST_KEY_UILaunchScreen_Generation = YES;
				INFOPLIST_KEY_UISupportedInterfaceOrientations_iPad = "UIInterfaceOrientationPortrait UIInterfaceOrientationPortraitUpsideDown UIInterfaceOrientationLandscapeLeft UIInterfaceOrientationLandscapeRight";
				INFOPLIST_KEY_UISupportedInterfaceOrientations_iPhone = "UIInterfaceOrientationPortrait UIInterfaceOrientationLandscapeLeft UIInterfaceOrientationLandscapeRight";
				LD_RUNPATH_SEARCH_PATHS = (
					"$(inherited)",
					"@executable_path/Frameworks",
				);
				MARKETING_VERSION = 1.0;
				PRODUCT_BUNDLE_IDENTIFIER = Meritocrat.CatViewer;
				PRODUCT_NAME = "$(TARGET_NAME)";
				SWIFT_EMIT_LOC_STRINGS = YES;
				SWIFT_VERSION = 5.0;
				TARGETED_DEVICE_FAMILY = "1,2";
			};
			name = Debug;
		};
		30DC60DC278DA767002AC498 /* Release */ = {
			isa = XCBuildConfiguration;
			buildSettings = {
				ASSETCATALOG_COMPILER_APPICON_NAME = AppIcon;
				ASSETCATALOG_COMPILER_GLOBAL_ACCENT_COLOR_NAME = AccentColor;
				CODE_SIGN_STYLE = Automatic;
				CURRENT_PROJECT_VERSION = 1;
				DEVELOPMENT_ASSET_PATHS = "\"CatViewer/Preview Content\"";
				DEVELOPMENT_TEAM = 2AW67YD59U;
				ENABLE_PREVIEWS = YES;
				GENERATE_INFOPLIST_FILE = YES;
				INFOPLIST_KEY_UIApplicationSceneManifest_Generation = YES;
				INFOPLIST_KEY_UIApplicationSupportsIndirectInputEvents = YES;
				INFOPLIST_KEY_UILaunchScreen_Generation = YES;
				INFOPLIST_KEY_UISupportedInterfaceOrientations_iPad = "UIInterfaceOrientationPortrait UIInterfaceOrientationPortraitUpsideDown UIInterfaceOrientationLandscapeLeft UIInterfaceOrientationLandscapeRight";
				INFOPLIST_KEY_UISupportedInterfaceOrientations_iPhone = "UIInterfaceOrientationPortrait UIInterfaceOrientationLandscapeLeft UIInterfaceOrientationLandscapeRight";
				LD_RUNPATH_SEARCH_PATHS = (
					"$(inherited)",
					"@executable_path/Frameworks",
				);
				MARKETING_VERSION = 1.0;
				PRODUCT_BUNDLE_IDENTIFIER = Meritocrat.CatViewer;
				PRODUCT_NAME = "$(TARGET_NAME)";
				SWIFT_EMIT_LOC_STRINGS = YES;
				SWIFT_VERSION = 5.0;
				TARGETED_DEVICE_FAMILY = "1,2";
			};
			name = Release;
		};
		30DC60DE278DA767002AC498 /* Debug */ = {
			isa = XCBuildConfiguration;
			buildSettings = {
				ALWAYS_EMBED_SWIFT_STANDARD_LIBRARIES = YES;
				BUNDLE_LOADER = "$(TEST_HOST)";
				CODE_SIGN_STYLE = Automatic;
				CURRENT_PROJECT_VERSION = 1;
				DEVELOPMENT_TEAM = 2AW67YD59U;
				GENERATE_INFOPLIST_FILE = YES;
				IPHONEOS_DEPLOYMENT_TARGET = 15.2;
				MARKETING_VERSION = 1.0;
				PRODUCT_BUNDLE_IDENTIFIER = Meritocrat.CatViewerTests;
				PRODUCT_NAME = "$(TARGET_NAME)";
				SWIFT_EMIT_LOC_STRINGS = NO;
				SWIFT_VERSION = 5.0;
				TARGETED_DEVICE_FAMILY = "1,2";
				TEST_HOST = "$(BUILT_PRODUCTS_DIR)/CatViewer.app/CatViewer";
			};
			name = Debug;
		};
		30DC60DF278DA767002AC498 /* Release */ = {
			isa = XCBuildConfiguration;
			buildSettings = {
				ALWAYS_EMBED_SWIFT_STANDARD_LIBRARIES = YES;
				BUNDLE_LOADER = "$(TEST_HOST)";
				CODE_SIGN_STYLE = Automatic;
				CURRENT_PROJECT_VERSION = 1;
				DEVELOPMENT_TEAM = 2AW67YD59U;
				GENERATE_INFOPLIST_FILE = YES;
				IPHONEOS_DEPLOYMENT_TARGET = 15.2;
				MARKETING_VERSION = 1.0;
				PRODUCT_BUNDLE_IDENTIFIER = Meritocrat.CatViewerTests;
				PRODUCT_NAME = "$(TARGET_NAME)";
				SWIFT_EMIT_LOC_STRINGS = NO;
				SWIFT_VERSION = 5.0;
				TARGETED_DEVICE_FAMILY = "1,2";
				TEST_HOST = "$(BUILT_PRODUCTS_DIR)/CatViewer.app/CatViewer";
			};
			name = Release;
		};
		30DC60E1278DA767002AC498 /* Debug */ = {
			isa = XCBuildConfiguration;
			buildSettings = {
				ALWAYS_EMBED_SWIFT_STANDARD_LIBRARIES = YES;
				CODE_SIGN_STYLE = Automatic;
				CURRENT_PROJECT_VERSION = 1;
				DEVELOPMENT_TEAM = 2AW67YD59U;
				GENERATE_INFOPLIST_FILE = YES;
				MARKETING_VERSION = 1.0;
				PRODUCT_BUNDLE_IDENTIFIER = Meritocrat.CatViewerUITests;
				PRODUCT_NAME = "$(TARGET_NAME)";
				SWIFT_EMIT_LOC_STRINGS = NO;
				SWIFT_VERSION = 5.0;
				TARGETED_DEVICE_FAMILY = "1,2";
				TEST_TARGET_NAME = CatViewer;
			};
			name = Debug;
		};
		30DC60E2278DA767002AC498 /* Release */ = {
			isa = XCBuildConfiguration;
			buildSettings = {
				ALWAYS_EMBED_SWIFT_STANDARD_LIBRARIES = YES;
				CODE_SIGN_STYLE = Automatic;
				CURRENT_PROJECT_VERSION = 1;
				DEVELOPMENT_TEAM = 2AW67YD59U;
				GENERATE_INFOPLIST_FILE = YES;
				MARKETING_VERSION = 1.0;
				PRODUCT_BUNDLE_IDENTIFIER = Meritocrat.CatViewerUITests;
				PRODUCT_NAME = "$(TARGET_NAME)";
				SWIFT_EMIT_LOC_STRINGS = NO;
				SWIFT_VERSION = 5.0;
				TARGETED_DEVICE_FAMILY = "1,2";
				TEST_TARGET_NAME = CatViewer;
			};
			name = Release;
		};
/* End XCBuildConfiguration section */

/* Begin XCConfigurationList section */
		30DC60B1278DA765002AC498 /* Build configuration list for PBXProject "CatViewer" */ = {
			isa = XCConfigurationList;
			buildConfigurations = (
				30DC60D8278DA767002AC498 /* Debug */,
				30DC60D9278DA767002AC498 /* Release */,
			);
			defaultConfigurationIsVisible = 0;
			defaultConfigurationName = Release;
		};
		30DC60DA278DA767002AC498 /* Build configuration list for PBXNativeTarget "CatViewer" */ = {
			isa = XCConfigurationList;
			buildConfigurations = (
				30DC60DB278DA767002AC498 /* Debug */,
				30DC60DC278DA767002AC498 /* Release */,
			);
			defaultConfigurationIsVisible = 0;
			defaultConfigurationName = Release;
		};
		30DC60DD278DA767002AC498 /* Build configuration list for PBXNativeTarget "CatViewerTests" */ = {
			isa = XCConfigurationList;
			buildConfigurations = (
				30DC60DE278DA767002AC498 /* Debug */,
				30DC60DF278DA767002AC498 /* Release */,
			);
			defaultConfigurationIsVisible = 0;
			defaultConfigurationName = Release;
		};
		30DC60E0278DA767002AC498 /* Build configuration list for PBXNativeTarget "CatViewerUITests" */ = {
			isa = XCConfigurationList;
			buildConfigurations = (
				30DC60E1278DA767002AC498 /* Debug */,
				30DC60E2278DA767002AC498 /* Release */,
			);
			defaultConfigurationIsVisible = 0;
			defaultConfigurationName = Release;
		};
/* End XCConfigurationList section */
	};
	rootObject = 30DC60AE278DA765002AC498 /* Project object */;
}
